
Microsoft Visual Studio Solution File, Format Version 12.00
# Visual Studio Version 17
VisualStudioVersion = 17.0.32112.339
MinimumVisualStudioVersion = 10.0.40219.1
Project("{8BC9CEB8-8B4A-11D0-8D11-00A0C91BC942}") = "0", "0\0.vcxproj", "{FB80F92F-D1D0-4928-905B-7F99188F74FC}"
EndProject
Project("{8BC9CEB8-8B4A-11D0-8D11-00A0C91BC942}") = "1", "1\1.vcxproj", "{A793CE1C-496C-469E-BB7D-F54F16BE27FB}"
EndProject
Project("{8BC9CEB8-8B4A-11D0-8D11-00A0C91BC942}") = "2", "2\2.vcxproj", "{BC13CA2D-09D5-4662-86FF-F21C47CD6197}"
EndProject
Project("{8BC9CEB8-8B4A-11D0-8D11-00A0C91BC942}") = "3", "3\3.vcxproj", "{943AFC06-E5F5-4328-8258-1E5078AB1B93}"
EndProject
Project("{8BC9CEB8-8B4A-11D0-8D11-00A0C91BC942}") = "4", "4\4.vcxproj", "{155BDE29-4D55-4B3C-9BBB-485CE7FBFF3F}"
EndProject
Project("{8BC9CEB8-8B4A-11D0-8D11-00A0C91BC942}") = "5", "5\5.vcxproj", "{8A497AE4-681D-456F-8FAE-E75FF83C1988}"
EndProject
Project("{8BC9CEB8-8B4A-11D0-8D11-00A0C91BC942}") = "6", "6\6.vcxproj", "{AC42FDD8-4C04-4508-BD4A-21D6C8AED74A}"
EndProject
Project("{8BC9CEB8-8B4A-11D0-8D11-00A0C91BC942}") = "7", "7\7.vcxproj", "{EEC3E0BB-D448-46D5-95BE-87F0E48BB8F9}"
EndProject
Project("{8BC9CEB8-8B4A-11D0-8D11-00A0C91BC942}") = "8", "8\8.vcxproj", "{77D254AD-398B-4CDE-8A55-44F7886379EE}"
EndProject
Global
	GlobalSection(SolutionConfigurationPlatforms) = preSolution
		123|Any CPU = 123|Any CPU
		123|x64 = 123|x64
		123|x86 = 123|x86
		Debug|Any CPU = Debug|Any CPU
		Debug|x64 = Debug|x64
		Debug|x86 = Debug|x86
		Release|Any CPU = Release|Any CPU
		Release|x64 = Release|x64
		Release|x86 = Release|x86
	EndGlobalSection
	GlobalSection(ProjectConfigurationPlatforms) = postSolution
		{FB80F92F-D1D0-4928-905B-7F99188F74FC}.123|Any CPU.ActiveCfg = 123|x64
		{FB80F92F-D1D0-4928-905B-7F99188F74FC}.123|Any CPU.Build.0 = 123|x64
		{FB80F92F-D1D0-4928-905B-7F99188F74FC}.123|x64.ActiveCfg = 123|x64
		{FB80F92F-D1D0-4928-905B-7F99188F74FC}.123|x64.Build.0 = 123|x64
		{FB80F92F-D1D0-4928-905B-7F99188F74FC}.123|x86.ActiveCfg = 123|Win32
		{FB80F92F-D1D0-4928-905B-7F99188F74FC}.123|x86.Build.0 = 123|Win32
		{FB80F92F-D1D0-4928-905B-7F99188F74FC}.Debug|Any CPU.ActiveCfg = Debug|x64
		{FB80F92F-D1D0-4928-905B-7F99188F74FC}.Debug|Any CPU.Build.0 = Debug|x64
		{FB80F92F-D1D0-4928-905B-7F99188F74FC}.Debug|x64.ActiveCfg = Debug|x64
		{FB80F92F-D1D0-4928-905B-7F99188F74FC}.Debug|x64.Build.0 = Debug|x64
		{FB80F92F-D1D0-4928-905B-7F99188F74FC}.Debug|x86.ActiveCfg = Debug|Win32
		{FB80F92F-D1D0-4928-905B-7F99188F74FC}.Debug|x86.Build.0 = Debug|Win32
		{FB80F92F-D1D0-4928-905B-7F99188F74FC}.Release|Any CPU.ActiveCfg = Release|x64
		{FB80F92F-D1D0-4928-905B-7F99188F74FC}.Release|Any CPU.Build.0 = Release|x64
		{FB80F92F-D1D0-4928-905B-7F99188F74FC}.Release|x64.ActiveCfg = Release|x64
		{FB80F92F-D1D0-4928-905B-7F99188F74FC}.Release|x64.Build.0 = Release|x64
		{FB80F92F-D1D0-4928-905B-7F99188F74FC}.Release|x86.ActiveCfg = Release|Win32
		{FB80F92F-D1D0-4928-905B-7F99188F74FC}.Release|x86.Build.0 = Release|Win32
		{A793CE1C-496C-469E-BB7D-F54F16BE27FB}.123|Any CPU.ActiveCfg = Debug|Win32
		{A793CE1C-496C-469E-BB7D-F54F16BE27FB}.123|Any CPU.Build.0 = Debug|Win32
		{A793CE1C-496C-469E-BB7D-F54F16BE27FB}.123|x64.ActiveCfg = Debug|x64
		{A793CE1C-496C-469E-BB7D-F54F16BE27FB}.123|x64.Build.0 = Debug|x64
		{A793CE1C-496C-469E-BB7D-F54F16BE27FB}.123|x86.ActiveCfg = Debug|Win32
		{A793CE1C-496C-469E-BB7D-F54F16BE27FB}.123|x86.Build.0 = Debug|Win32
		{A793CE1C-496C-469E-BB7D-F54F16BE27FB}.Debug|Any CPU.ActiveCfg = Debug|x64
		{A793CE1C-496C-469E-BB7D-F54F16BE27FB}.Debug|Any CPU.Build.0 = Debug|x64
		{A793CE1C-496C-469E-BB7D-F54F16BE27FB}.Debug|x64.ActiveCfg = Debug|x64
		{A793CE1C-496C-469E-BB7D-F54F16BE27FB}.Debug|x64.Build.0 = Debug|x64
		{A793CE1C-496C-469E-BB7D-F54F16BE27FB}.Debug|x86.ActiveCfg = Debug|Win32
		{A793CE1C-496C-469E-BB7D-F54F16BE27FB}.Debug|x86.Build.0 = Debug|Win32
		{A793CE1C-496C-469E-BB7D-F54F16BE27FB}.Release|Any CPU.ActiveCfg = Release|x64
		{A793CE1C-496C-469E-BB7D-F54F16BE27FB}.Release|Any CPU.Build.0 = Release|x64
		{A793CE1C-496C-469E-BB7D-F54F16BE27FB}.Release|x64.ActiveCfg = Release|x64
		{A793CE1C-496C-469E-BB7D-F54F16BE27FB}.Release|x64.Build.0 = Release|x64
		{A793CE1C-496C-469E-BB7D-F54F16BE27FB}.Release|x86.ActiveCfg = Release|Win32
		{A793CE1C-496C-469E-BB7D-F54F16BE27FB}.Release|x86.Build.0 = Release|Win32
		{BC13CA2D-09D5-4662-86FF-F21C47CD6197}.123|Any CPU.ActiveCfg = Debug|Win32
		{BC13CA2D-09D5-4662-86FF-F21C47CD6197}.123|Any CPU.Build.0 = Debug|Win32
		{BC13CA2D-09D5-4662-86FF-F21C47CD6197}.123|x64.ActiveCfg = Debug|x64
		{BC13CA2D-09D5-4662-86FF-F21C47CD6197}.123|x64.Build.0 = Debug|x64
		{BC13CA2D-09D5-4662-86FF-F21C47CD6197}.123|x86.ActiveCfg = Debug|Win32
		{BC13CA2D-09D5-4662-86FF-F21C47CD6197}.123|x86.Build.0 = Debug|Win32
		{BC13CA2D-09D5-4662-86FF-F21C47CD6197}.Debug|Any CPU.ActiveCfg = Debug|x64
		{BC13CA2D-09D5-4662-86FF-F21C47CD6197}.Debug|Any CPU.Build.0 = Debug|x64
		{BC13CA2D-09D5-4662-86FF-F21C47CD6197}.Debug|x64.ActiveCfg = Debug|x64
		{BC13CA2D-09D5-4662-86FF-F21C47CD6197}.Debug|x64.Build.0 = Debug|x64
		{BC13CA2D-09D5-4662-86FF-F21C47CD6197}.Debug|x86.ActiveCfg = Debug|Win32
		{BC13CA2D-09D5-4662-86FF-F21C47CD6197}.Debug|x86.Build.0 = Debug|Win32
		{BC13CA2D-09D5-4662-86FF-F21C47CD6197}.Release|Any CPU.ActiveCfg = Release|x64
		{BC13CA2D-09D5-4662-86FF-F21C47CD6197}.Release|Any CPU.Build.0 = Release|x64
		{BC13CA2D-09D5-4662-86FF-F21C47CD6197}.Release|x64.ActiveCfg = Release|x64
		{BC13CA2D-09D5-4662-86FF-F21C47CD6197}.Release|x64.Build.0 = Release|x64
		{BC13CA2D-09D5-4662-86FF-F21C47CD6197}.Release|x86.ActiveCfg = Release|Win32
		{BC13CA2D-09D5-4662-86FF-F21C47CD6197}.Release|x86.Build.0 = Release|Win32
		{943AFC06-E5F5-4328-8258-1E5078AB1B93}.123|Any CPU.ActiveCfg = Debug|Win32
		{943AFC06-E5F5-4328-8258-1E5078AB1B93}.123|Any CPU.Build.0 = Debug|Win32
		{943AFC06-E5F5-4328-8258-1E5078AB1B93}.123|x64.ActiveCfg = Debug|x64
		{943AFC06-E5F5-4328-8258-1E5078AB1B93}.123|x64.Build.0 = Debug|x64
		{943AFC06-E5F5-4328-8258-1E5078AB1B93}.123|x86.ActiveCfg = Debug|Win32
		{943AFC06-E5F5-4328-8258-1E5078AB1B93}.123|x86.Build.0 = Debug|Win32
		{943AFC06-E5F5-4328-8258-1E5078AB1B93}.Debug|Any CPU.ActiveCfg = Debug|x64
		{943AFC06-E5F5-4328-8258-1E5078AB1B93}.Debug|Any CPU.Build.0 = Debug|x64
		{943AFC06-E5F5-4328-8258-1E5078AB1B93}.Debug|x64.ActiveCfg = Debug|x64
		{943AFC06-E5F5-4328-8258-1E5078AB1B93}.Debug|x64.Build.0 = Debug|x64
		{943AFC06-E5F5-4328-8258-1E5078AB1B93}.Debug|x86.ActiveCfg = Debug|Win32
		{943AFC06-E5F5-4328-8258-1E5078AB1B93}.Debug|x86.Build.0 = Debug|Win32
		{943AFC06-E5F5-4328-8258-1E5078AB1B93}.Release|Any CPU.ActiveCfg = Release|x64
		{943AFC06-E5F5-4328-8258-1E5078AB1B93}.Release|Any CPU.Build.0 = Release|x64
		{943AFC06-E5F5-4328-8258-1E5078AB1B93}.Release|x64.ActiveCfg = Release|x64
		{943AFC06-E5F5-4328-8258-1E5078AB1B93}.Release|x64.Build.0 = Release|x64
		{943AFC06-E5F5-4328-8258-1E5078AB1B93}.Release|x86.ActiveCfg = Release|Win32
		{943AFC06-E5F5-4328-8258-1E5078AB1B93}.Release|x86.Build.0 = Release|Win32
		{155BDE29-4D55-4B3C-9BBB-485CE7FBFF3F}.123|Any CPU.ActiveCfg = Debug|Win32
		{155BDE29-4D55-4B3C-9BBB-485CE7FBFF3F}.123|Any CPU.Build.0 = Debug|Win32
		{155BDE29-4D55-4B3C-9BBB-485CE7FBFF3F}.123|x64.ActiveCfg = Debug|x64
		{155BDE29-4D55-4B3C-9BBB-485CE7FBFF3F}.123|x64.Build.0 = Debug|x64
		{155BDE29-4D55-4B3C-9BBB-485CE7FBFF3F}.123|x86.ActiveCfg = Debug|Win32
		{155BDE29-4D55-4B3C-9BBB-485CE7FBFF3F}.123|x86.Build.0 = Debug|Win32
		{155BDE29-4D55-4B3C-9BBB-485CE7FBFF3F}.Debug|Any CPU.ActiveCfg = Debug|x64
		{155BDE29-4D55-4B3C-9BBB-485CE7FBFF3F}.Debug|Any CPU.Build.0 = Debug|x64
		{155BDE29-4D55-4B3C-9BBB-485CE7FBFF3F}.Debug|x64.ActiveCfg = Debug|x64
		{155BDE29-4D55-4B3C-9BBB-485CE7FBFF3F}.Debug|x64.Build.0 = Debug|x64
		{155BDE29-4D55-4B3C-9BBB-485CE7FBFF3F}.Debug|x86.ActiveCfg = Debug|Win32
		{155BDE29-4D55-4B3C-9BBB-485CE7FBFF3F}.Debug|x86.Build.0 = Debug|Win32
		{155BDE29-4D55-4B3C-9BBB-485CE7FBFF3F}.Release|Any CPU.ActiveCfg = Release|x64
		{155BDE29-4D55-4B3C-9BBB-485CE7FBFF3F}.Release|Any CPU.Build.0 = Release|x64
		{155BDE29-4D55-4B3C-9BBB-485CE7FBFF3F}.Release|x64.ActiveCfg = Release|x64
		{155BDE29-4D55-4B3C-9BBB-485CE7FBFF3F}.Release|x64.Build.0 = Release|x64
		{155BDE29-4D55-4B3C-9BBB-485CE7FBFF3F}.Release|x86.ActiveCfg = Release|Win32
		{155BDE29-4D55-4B3C-9BBB-485CE7FBFF3F}.Release|x86.Build.0 = Release|Win32
		{8A497AE4-681D-456F-8FAE-E75FF83C1988}.123|Any CPU.ActiveCfg = Debug|Win32
		{8A497AE4-681D-456F-8FAE-E75FF83C1988}.123|Any CPU.Build.0 = Debug|Win32
		{8A497AE4-681D-456F-8FAE-E75FF83C1988}.123|x64.ActiveCfg = Debug|x64
		{8A497AE4-681D-456F-8FAE-E75FF83C1988}.123|x64.Build.0 = Debug|x64
		{8A497AE4-681D-456F-8FAE-E75FF83C1988}.123|x86.ActiveCfg = Debug|Win32
		{8A497AE4-681D-456F-8FAE-E75FF83C1988}.123|x86.Build.0 = Debug|Win32
		{8A497AE4-681D-456F-8FAE-E75FF83C1988}.Debug|Any CPU.ActiveCfg = Debug|x64
		{8A497AE4-681D-456F-8FAE-E75FF83C1988}.Debug|Any CPU.Build.0 = Debug|x64
		{8A497AE4-681D-456F-8FAE-E75FF83C1988}.Debug|x64.ActiveCfg = Debug|x64
		{8A497AE4-681D-456F-8FAE-E75FF83C1988}.Debug|x64.Build.0 = Debug|x64
		{8A497AE4-681D-456F-8FAE-E75FF83C1988}.Debug|x86.ActiveCfg = Debug|Win32
		{8A497AE4-681D-456F-8FAE-E75FF83C1988}.Debug|x86.Build.0 = Debug|Win32
		{8A497AE4-681D-456F-8FAE-E75FF83C1988}.Release|Any CPU.ActiveCfg = Release|x64
		{8A497AE4-681D-456F-8FAE-E75FF83C1988}.Release|Any CPU.Build.0 = Release|x64
		{8A497AE4-681D-456F-8FAE-E75FF83C1988}.Release|x64.ActiveCfg = Release|x64
		{8A497AE4-681D-456F-8FAE-E75FF83C1988}.Release|x64.Build.0 = Release|x64
		{8A497AE4-681D-456F-8FAE-E75FF83C1988}.Release|x86.ActiveCfg = Release|Win32
		{8A497AE4-681D-456F-8FAE-E75FF83C1988}.Release|x86.Build.0 = Release|Win32
		{AC42FDD8-4C04-4508-BD4A-21D6C8AED74A}.123|Any CPU.ActiveCfg = Debug|Win32
		{AC42FDD8-4C04-4508-BD4A-21D6C8AED74A}.123|Any CPU.Build.0 = Debug|Win32
		{AC42FDD8-4C04-4508-BD4A-21D6C8AED74A}.123|x64.ActiveCfg = Debug|x64
		{AC42FDD8-4C04-4508-BD4A-21D6C8AED74A}.123|x64.Build.0 = Debug|x64
		{AC42FDD8-4C04-4508-BD4A-21D6C8AED74A}.123|x86.ActiveCfg = Debug|Win32
		{AC42FDD8-4C04-4508-BD4A-21D6C8AED74A}.123|x86.Build.0 = Debug|Win32
		{AC42FDD8-4C04-4508-BD4A-21D6C8AED74A}.Debug|Any CPU.ActiveCfg = Debug|x64
		{AC42FDD8-4C04-4508-BD4A-21D6C8AED74A}.Debug|Any CPU.Build.0 = Debug|x64
		{AC42FDD8-4C04-4508-BD4A-21D6C8AED74A}.Debug|x64.ActiveCfg = Debug|x64
		{AC42FDD8-4C04-4508-BD4A-21D6C8AED74A}.Debug|x64.Build.0 = Debug|x64
		{AC42FDD8-4C04-4508-BD4A-21D6C8AED74A}.Debug|x86.ActiveCfg = Debug|Win32
		{AC42FDD8-4C04-4508-BD4A-21D6C8AED74A}.Debug|x86.Build.0 = Debug|Win32
		{AC42FDD8-4C04-4508-BD4A-21D6C8AED74A}.Release|Any CPU.ActiveCfg = Release|x64
		{AC42FDD8-4C04-4508-BD4A-21D6C8AED74A}.Release|Any CPU.Build.0 = Release|x64
		{AC42FDD8-4C04-4508-BD4A-21D6C8AED74A}.Release|x64.ActiveCfg = Release|x64
		{AC42FDD8-4C04-4508-BD4A-21D6C8AED74A}.Release|x64.Build.0 = Release|x64
		{AC42FDD8-4C04-4508-BD4A-21D6C8AED74A}.Release|x86.ActiveCfg = Release|Win32
		{AC42FDD8-4C04-4508-BD4A-21D6C8AED74A}.Release|x86.Build.0 = Release|Win32
		{EEC3E0BB-D448-46D5-95BE-87F0E48BB8F9}.123|Any CPU.ActiveCfg = Debug|Win32
		{EEC3E0BB-D448-46D5-95BE-87F0E48BB8F9}.123|Any CPU.Build.0 = Debug|Win32
		{EEC3E0BB-D448-46D5-95BE-87F0E48BB8F9}.123|x64.ActiveCfg = Debug|x64
		{EEC3E0BB-D448-46D5-95BE-87F0E48BB8F9}.123|x64.Build.0 = Debug|x64
		{EEC3E0BB-D448-46D5-95BE-87F0E48BB8F9}.123|x86.ActiveCfg = Debug|Win32
		{EEC3E0BB-D448-46D5-95BE-87F0E48BB8F9}.123|x86.Build.0 = Debug|Win32
		{EEC3E0BB-D448-46D5-95BE-87F0E48BB8F9}.Debug|Any CPU.ActiveCfg = Debug|x64
		{EEC3E0BB-D448-46D5-95BE-87F0E48BB8F9}.Debug|Any CPU.Build.0 = Debug|x64
		{EEC3E0BB-D448-46D5-95BE-87F0E48BB8F9}.Debug|x64.ActiveCfg = Debug|x64
		{EEC3E0BB-D448-46D5-95BE-87F0E48BB8F9}.Debug|x64.Build.0 = Debug|x64
		{EEC3E0BB-D448-46D5-95BE-87F0E48BB8F9}.Debug|x86.ActiveCfg = Debug|Win32
		{EEC3E0BB-D448-46D5-95BE-87F0E48BB8F9}.Debug|x86.Build.0 = Debug|Win32
		{EEC3E0BB-D448-46D5-95BE-87F0E48BB8F9}.Release|Any CPU.ActiveCfg = Release|x64
		{EEC3E0BB-D448-46D5-95BE-87F0E48BB8F9}.Release|Any CPU.Build.0 = Release|x64
		{EEC3E0BB-D448-46D5-95BE-87F0E48BB8F9}.Release|x64.ActiveCfg = Release|x64
		{EEC3E0BB-D448-46D5-95BE-87F0E48BB8F9}.Release|x64.Build.0 = Release|x64
		{EEC3E0BB-D448-46D5-95BE-87F0E48BB8F9}.Release|x86.ActiveCfg = Release|Win32
		{EEC3E0BB-D448-46D5-95BE-87F0E48BB8F9}.Release|x86.Build.0 = Release|Win32
		{77D254AD-398B-4CDE-8A55-44F7886379EE}.123|Any CPU.ActiveCfg = Debug|Win32
		{77D254AD-398B-4CDE-8A55-44F7886379EE}.123|Any CPU.Build.0 = Debug|Win32
		{77D254AD-398B-4CDE-8A55-44F7886379EE}.123|x64.ActiveCfg = Debug|x64
		{77D254AD-398B-4CDE-8A55-44F7886379EE}.123|x64.Build.0 = Debug|x64
		{77D254AD-398B-4CDE-8A55-44F7886379EE}.123|x86.ActiveCfg = Debug|Win32
		{77D254AD-398B-4CDE-8A55-44F7886379EE}.123|x86.Build.0 = Debug|Win32
		{77D254AD-398B-4CDE-8A55-44F7886379EE}.Debug|Any CPU.ActiveCfg = Debug|x64
		{77D254AD-398B-4CDE-8A55-44F7886379EE}.Debug|Any CPU.Build.0 = Debug|x64
		{77D254AD-398B-4CDE-8A55-44F7886379EE}.Debug|x64.ActiveCfg = Debug|x64
		{77D254AD-398B-4CDE-8A55-44F7886379EE}.Debug|x64.Build.0 = Debug|x64
		{77D254AD-398B-4CDE-8A55-44F7886379EE}.Debug|x86.ActiveCfg = Debug|Win32
		{77D254AD-398B-4CDE-8A55-44F7886379EE}.Debug|x86.Build.0 = Debug|Win32
		{77D254AD-398B-4CDE-8A55-44F7886379EE}.Release|Any CPU.ActiveCfg = Release|x64
		{77D254AD-398B-4CDE-8A55-44F7886379EE}.Release|Any CPU.Build.0 = Release|x64
		{77D254AD-398B-4CDE-8A55-44F7886379EE}.Release|x64.ActiveCfg = Release|x64
		{77D254AD-398B-4CDE-8A55-44F7886379EE}.Release|x64.Build.0 = Release|x64
		{77D254AD-398B-4CDE-8A55-44F7886379EE}.Release|x86.ActiveCfg = Release|Win32
		{77D254AD-398B-4CDE-8A55-44F7886379EE}.Release|x86.Build.0 = Release|Win32
	EndGlobalSection
	GlobalSection(SolutionProperties) = preSolution
		HideSolutionNode = FALSE
	EndGlobalSection
	GlobalSection(ExtensibilityGlobals) = postSolution
		SolutionGuid = {65682C5F-9DE6-45C8-80F1-3AEC3EB56665}
	EndGlobalSection
EndGlobal
